
Microsoft Visual Studio Solution File, Format Version 12.00
# Visual Studio 15
Project("{FAE04EC0-301F-11D3-BF4B-00C04F79EFBC}") = "Assembly-CSharp", "Assembly-CSharp.csproj", "{C58F679A-8ABE-65CD-2322-E5327C04EFB8}"
EndProject
Project("{FAE04EC0-301F-11D3-BF4B-00C04F79EFBC}") = "Assembly-CSharp-Editor", "Assembly-CSharp-Editor.csproj", "{F9AA0097-F702-69A9-09E0-26262F510A56}"
EndProject
Global
	GlobalSection(SolutionConfigurationPlatforms) = preSolution
		Debug|Any CPU = Debug|Any CPU
		Release|Any CPU = Release|Any CPU
	EndGlobalSection
	GlobalSection(ProjectConfigurationPlatforms) = postSolution
		{C58F679A-8ABE-65CD-2322-E5327C04EFB8}.Debug|Any CPU.ActiveCfg = Debug|Any CPU
		{C58F679A-8ABE-65CD-2322-E5327C04EFB8}.Debug|Any CPU.Build.0 = Debug|Any CPU
		{C58F679A-8ABE-65CD-2322-E5327C04EFB8}.Release|Any CPU.ActiveCfg = Release|Any CPU
		{C58F679A-8ABE-65CD-2322-E5327C04EFB8}.Release|Any CPU.Build.0 = Release|Any CPU
		{F9AA0097-F702-69A9-09E0-26262F510A56}.Debug|Any CPU.ActiveCfg = Debug|Any CPU
		{F9AA0097-F702-69A9-09E0-26262F510A56}.Debug|Any CPU.Build.0 = Debug|Any CPU
		{F9AA0097-F702-69A9-09E0-26262F510A56}.Release|Any CPU.ActiveCfg = Release|Any CPU
		{F9AA0097-F702-69A9-09E0-26262F510A56}.Release|Any CPU.Build.0 = Release|Any CPU
	EndGlobalSection
	GlobalSection(SolutionProperties) = preSolution
		HideSolutionNode = FALSE
	EndGlobalSection
EndGlobal
